
Microsoft Visual Studio Solution File, Format Version 12.00
# Visual Studio Version 17
VisualStudioVersion = 17.7.34024.191
MinimumVisualStudioVersion = 10.0.40219.1
Project("{2150E333-8FDC-42A3-9474-1A3956D46DE8}") = "Элементы решения", "Элементы решения", "{4E69179A-B4FD-459C-B527-8FBFDF5B930C}"
EndProject
Project("{8BC9CEB8-8B4A-11D0-8D11-00A0C91BC942}") = "Pract11", "Pract11\Pract11.vcxproj", "{228348EF-8446-4A30-BA0F-74BDBB0FF648}"
EndProject
Project("{8BC9CEB8-8B4A-11D0-8D11-00A0C91BC942}") = "Pract1", "Pract1\Pract1.vcxproj", "{ECC7CE80-67ED-406A-92B8-D0A854A0628E}"
EndProject
Project("{8BC9CEB8-8B4A-11D0-8D11-00A0C91BC942}") = "Pract2", "Pract2\Pract2.vcxproj", "{B3F99C98-356D-4645-828E-9DA6A55869AE}"
EndProject
Project("{8BC9CEB8-8B4A-11D0-8D11-00A0C91BC942}") = "Pract3", "Pract3\Pract3.vcxproj", "{05997CC4-CF97-419E-848E-E23626921F09}"
EndProject
Project("{8BC9CEB8-8B4A-11D0-8D11-00A0C91BC942}") = "Pract5", "Pract5\Pract5.vcxproj", "{0B13553D-84F7-49F6-B075-1A5F28866185}"
EndProject
Project("{8BC9CEB8-8B4A-11D0-8D11-00A0C91BC942}") = "Pract7", "Pract7\Pract7.vcxproj", "{917220C7-0FB3-4749-9E36-395BE03412E8}"
EndProject
Project("{8BC9CEB8-8B4A-11D0-8D11-00A0C91BC942}") = "Pract8", "Pract8\Pract8.vcxproj", "{F8100FAB-55E9-47F7-A251-33D6CDB04771}"
EndProject
Project("{8BC9CEB8-8B4A-11D0-8D11-00A0C91BC942}") = "Pract10", "Pract10\Pract10.vcxproj", "{94DEAE33-8011-40A0-8903-6B0F9CCF8433}"
EndProject
Project("{8BC9CEB8-8B4A-11D0-8D11-00A0C91BC942}") = "Pract9", "Pract9\Pract9.vcxproj", "{E2AA013B-EA8B-4845-82CF-5F4BF15B30A2}"
EndProject
Project("{8BC9CEB8-8B4A-11D0-8D11-00A0C91BC942}") = "Pract12", "Pract12\Pract12.vcxproj", "{D347FF26-0E6B-4D63-A315-EFD65ACC15E9}"
EndProject
Project("{8BC9CEB8-8B4A-11D0-8D11-00A0C91BC942}") = "Pract13", "Pract13\Pract13.vcxproj", "{26714C5F-4AE6-448C-AE0F-B3650FF472FA}"
EndProject
Project("{8BC9CEB8-8B4A-11D0-8D11-00A0C91BC942}") = "Pract14.c", "Pract14.c\Pract14.c.vcxproj", "{43E07C14-ED42-4CC3-8439-0AB637DE16DD}"
EndProject
Global
	GlobalSection(SolutionConfigurationPlatforms) = preSolution
		Debug|x64 = Debug|x64
		Debug|x86 = Debug|x86
		Release|x64 = Release|x64
		Release|x86 = Release|x86
	EndGlobalSection
	GlobalSection(ProjectConfigurationPlatforms) = postSolution
		{228348EF-8446-4A30-BA0F-74BDBB0FF648}.Debug|x64.ActiveCfg = Debug|x64
		{228348EF-8446-4A30-BA0F-74BDBB0FF648}.Debug|x64.Build.0 = Debug|x64
		{228348EF-8446-4A30-BA0F-74BDBB0FF648}.Debug|x86.ActiveCfg = Debug|Win32
		{228348EF-8446-4A30-BA0F-74BDBB0FF648}.Debug|x86.Build.0 = Debug|Win32
		{228348EF-8446-4A30-BA0F-74BDBB0FF648}.Release|x64.ActiveCfg = Release|x64
		{228348EF-8446-4A30-BA0F-74BDBB0FF648}.Release|x64.Build.0 = Release|x64
		{228348EF-8446-4A30-BA0F-74BDBB0FF648}.Release|x86.ActiveCfg = Release|Win32
		{228348EF-8446-4A30-BA0F-74BDBB0FF648}.Release|x86.Build.0 = Release|Win32
		{ECC7CE80-67ED-406A-92B8-D0A854A0628E}.Debug|x64.ActiveCfg = Debug|x64
		{ECC7CE80-67ED-406A-92B8-D0A854A0628E}.Debug|x64.Build.0 = Debug|x64
		{ECC7CE80-67ED-406A-92B8-D0A854A0628E}.Debug|x86.ActiveCfg = Debug|Win32
		{ECC7CE80-67ED-406A-92B8-D0A854A0628E}.Debug|x86.Build.0 = Debug|Win32
		{ECC7CE80-67ED-406A-92B8-D0A854A0628E}.Release|x64.ActiveCfg = Release|x64
		{ECC7CE80-67ED-406A-92B8-D0A854A0628E}.Release|x64.Build.0 = Release|x64
		{ECC7CE80-67ED-406A-92B8-D0A854A0628E}.Release|x86.ActiveCfg = Release|Win32
		{ECC7CE80-67ED-406A-92B8-D0A854A0628E}.Release|x86.Build.0 = Release|Win32
		{B3F99C98-356D-4645-828E-9DA6A55869AE}.Debug|x64.ActiveCfg = Debug|x64
		{B3F99C98-356D-4645-828E-9DA6A55869AE}.Debug|x64.Build.0 = Debug|x64
		{B3F99C98-356D-4645-828E-9DA6A55869AE}.Debug|x86.ActiveCfg = Debug|Win32
		{B3F99C98-356D-4645-828E-9DA6A55869AE}.Debug|x86.Build.0 = Debug|Win32
		{B3F99C98-356D-4645-828E-9DA6A55869AE}.Release|x64.ActiveCfg = Release|x64
		{B3F99C98-356D-4645-828E-9DA6A55869AE}.Release|x64.Build.0 = Release|x64
		{B3F99C98-356D-4645-828E-9DA6A55869AE}.Release|x86.ActiveCfg = Release|Win32
		{B3F99C98-356D-4645-828E-9DA6A55869AE}.Release|x86.Build.0 = Release|Win32
		{05997CC4-CF97-419E-848E-E23626921F09}.Debug|x64.ActiveCfg = Debug|x64
		{05997CC4-CF97-419E-848E-E23626921F09}.Debug|x64.Build.0 = Debug|x64
		{05997CC4-CF97-419E-848E-E23626921F09}.Debug|x86.ActiveCfg = Debug|Win32
		{05997CC4-CF97-419E-848E-E23626921F09}.Debug|x86.Build.0 = Debug|Win32
		{05997CC4-CF97-419E-848E-E23626921F09}.Release|x64.ActiveCfg = Release|x64
		{05997CC4-CF97-419E-848E-E23626921F09}.Release|x64.Build.0 = Release|x64
		{05997CC4-CF97-419E-848E-E23626921F09}.Release|x86.ActiveCfg = Release|Win32
		{05997CC4-CF97-419E-848E-E23626921F09}.Release|x86.Build.0 = Release|Win32
		{0B13553D-84F7-49F6-B075-1A5F28866185}.Debug|x64.ActiveCfg = Debug|x64
		{0B13553D-84F7-49F6-B075-1A5F28866185}.Debug|x64.Build.0 = Debug|x64
		{0B13553D-84F7-49F6-B075-1A5F28866185}.Debug|x86.ActiveCfg = Debug|Win32
		{0B13553D-84F7-49F6-B075-1A5F28866185}.Debug|x86.Build.0 = Debug|Win32
		{0B13553D-84F7-49F6-B075-1A5F28866185}.Release|x64.ActiveCfg = Release|x64
		{0B13553D-84F7-49F6-B075-1A5F28866185}.Release|x64.Build.0 = Release|x64
		{0B13553D-84F7-49F6-B075-1A5F28866185}.Release|x86.ActiveCfg = Release|Win32
		{0B13553D-84F7-49F6-B075-1A5F28866185}.Release|x86.Build.0 = Release|Win32
		{917220C7-0FB3-4749-9E36-395BE03412E8}.Debug|x64.ActiveCfg = Debug|x64
		{917220C7-0FB3-4749-9E36-395BE03412E8}.Debug|x64.Build.0 = Debug|x64
		{917220C7-0FB3-4749-9E36-395BE03412E8}.Debug|x86.ActiveCfg = Debug|Win32
		{917220C7-0FB3-4749-9E36-395BE03412E8}.Debug|x86.Build.0 = Debug|Win32
		{917220C7-0FB3-4749-9E36-395BE03412E8}.Release|x64.ActiveCfg = Release|x64
		{917220C7-0FB3-4749-9E36-395BE03412E8}.Release|x64.Build.0 = Release|x64
		{917220C7-0FB3-4749-9E36-395BE03412E8}.Release|x86.ActiveCfg = Release|Win32
		{917220C7-0FB3-4749-9E36-395BE03412E8}.Release|x86.Build.0 = Release|Win32
		{F8100FAB-55E9-47F7-A251-33D6CDB04771}.Debug|x64.ActiveCfg = Debug|x64
		{F8100FAB-55E9-47F7-A251-33D6CDB04771}.Debug|x64.Build.0 = Debug|x64
		{F8100FAB-55E9-47F7-A251-33D6CDB04771}.Debug|x86.ActiveCfg = Debug|Win32
		{F8100FAB-55E9-47F7-A251-33D6CDB04771}.Debug|x86.Build.0 = Debug|Win32
		{F8100FAB-55E9-47F7-A251-33D6CDB04771}.Release|x64.ActiveCfg = Release|x64
		{F8100FAB-55E9-47F7-A251-33D6CDB04771}.Release|x64.Build.0 = Release|x64
		{F8100FAB-55E9-47F7-A251-33D6CDB04771}.Release|x86.ActiveCfg = Release|Win32
		{F8100FAB-55E9-47F7-A251-33D6CDB04771}.Release|x86.Build.0 = Release|Win32
		{94DEAE33-8011-40A0-8903-6B0F9CCF8433}.Debug|x64.ActiveCfg = Debug|x64
		{94DEAE33-8011-40A0-8903-6B0F9CCF8433}.Debug|x64.Build.0 = Debug|x64
		{94DEAE33-8011-40A0-8903-6B0F9CCF8433}.Debug|x86.ActiveCfg = Debug|Win32
		{94DEAE33-8011-40A0-8903-6B0F9CCF8433}.Debug|x86.Build.0 = Debug|Win32
		{94DEAE33-8011-40A0-8903-6B0F9CCF8433}.Release|x64.ActiveCfg = Release|x64
		{94DEAE33-8011-40A0-8903-6B0F9CCF8433}.Release|x64.Build.0 = Release|x64
		{94DEAE33-8011-40A0-8903-6B0F9CCF8433}.Release|x86.ActiveCfg = Release|Win32
		{94DEAE33-8011-40A0-8903-6B0F9CCF8433}.Release|x86.Build.0 = Release|Win32
		{E2AA013B-EA8B-4845-82CF-5F4BF15B30A2}.Debug|x64.ActiveCfg = Debug|x64
		{E2AA013B-EA8B-4845-82CF-5F4BF15B30A2}.Debug|x64.Build.0 = Debug|x64
		{E2AA013B-EA8B-4845-82CF-5F4BF15B30A2}.Debug|x86.ActiveCfg = Debug|Win32
		{E2AA013B-EA8B-4845-82CF-5F4BF15B30A2}.Debug|x86.Build.0 = Debug|Win32
		{E2AA013B-EA8B-4845-82CF-5F4BF15B30A2}.Release|x64.ActiveCfg = Release|x64
		{E2AA013B-EA8B-4845-82CF-5F4BF15B30A2}.Release|x64.Build.0 = Release|x64
		{E2AA013B-EA8B-4845-82CF-5F4BF15B30A2}.Release|x86.ActiveCfg = Release|Win32
		{E2AA013B-EA8B-4845-82CF-5F4BF15B30A2}.Release|x86.Build.0 = Release|Win32
		{D347FF26-0E6B-4D63-A315-EFD65ACC15E9}.Debug|x64.ActiveCfg = Debug|x64
		{D347FF26-0E6B-4D63-A315-EFD65ACC15E9}.Debug|x64.Build.0 = Debug|x64
		{D347FF26-0E6B-4D63-A315-EFD65ACC15E9}.Debug|x86.ActiveCfg = Debug|Win32
		{D347FF26-0E6B-4D63-A315-EFD65ACC15E9}.Debug|x86.Build.0 = Debug|Win32
		{D347FF26-0E6B-4D63-A315-EFD65ACC15E9}.Release|x64.ActiveCfg = Release|x64
		{D347FF26-0E6B-4D63-A315-EFD65ACC15E9}.Release|x64.Build.0 = Release|x64
		{D347FF26-0E6B-4D63-A315-EFD65ACC15E9}.Release|x86.ActiveCfg = Release|Win32
		{D347FF26-0E6B-4D63-A315-EFD65ACC15E9}.Release|x86.Build.0 = Release|Win32
		{26714C5F-4AE6-448C-AE0F-B3650FF472FA}.Debug|x64.ActiveCfg = Debug|x64
		{26714C5F-4AE6-448C-AE0F-B3650FF472FA}.Debug|x64.Build.0 = Debug|x64
		{26714C5F-4AE6-448C-AE0F-B3650FF472FA}.Debug|x86.ActiveCfg = Debug|Win32
		{26714C5F-4AE6-448C-AE0F-B3650FF472FA}.Debug|x86.Build.0 = Debug|Win32
		{26714C5F-4AE6-448C-AE0F-B3650FF472FA}.Release|x64.ActiveCfg = Release|x64
		{26714C5F-4AE6-448C-AE0F-B3650FF472FA}.Release|x64.Build.0 = Release|x64
		{26714C5F-4AE6-448C-AE0F-B3650FF472FA}.Release|x86.ActiveCfg = Release|Win32
		{26714C5F-4AE6-448C-AE0F-B3650FF472FA}.Release|x86.Build.0 = Release|Win32
		{43E07C14-ED42-4CC3-8439-0AB637DE16DD}.Debug|x64.ActiveCfg = Debug|x64
		{43E07C14-ED42-4CC3-8439-0AB637DE16DD}.Debug|x64.Build.0 = Debug|x64
		{43E07C14-ED42-4CC3-8439-0AB637DE16DD}.Debug|x86.ActiveCfg = Debug|Win32
		{43E07C14-ED42-4CC3-8439-0AB637DE16DD}.Debug|x86.Build.0 = Debug|Win32
		{43E07C14-ED42-4CC3-8439-0AB637DE16DD}.Release|x64.ActiveCfg = Release|x64
		{43E07C14-ED42-4CC3-8439-0AB637DE16DD}.Release|x64.Build.0 = Release|x64
		{43E07C14-ED42-4CC3-8439-0AB637DE16DD}.Release|x86.ActiveCfg = Release|Win32
		{43E07C14-ED42-4CC3-8439-0AB637DE16DD}.Release|x86.Build.0 = Release|Win32
	EndGlobalSection
	GlobalSection(SolutionProperties) = preSolution
		HideSolutionNode = FALSE
	EndGlobalSection
	GlobalSection(ExtensibilityGlobals) = postSolution
		SolutionGuid = {31986368-1FA5-4CA9-91E8-A025BF59CDC8}
	EndGlobalSection
EndGlobal
